
Microsoft Visual Studio Solution File, Format Version 12.00
# Visual Studio Version 17
VisualStudioVersion = 17.13.35919.96 d17.13
MinimumVisualStudioVersion = 10.0.40219.1
Project("{8BC9CEB8-8B4A-11D0-8D11-00A0C91BC942}") = "MyFirstGame2", "MyFirstGame2.vcxproj", "{8CFC9A96-9FBB-4C80-A370-291D8AF001FF}"
EndProject
Global
	GlobalSection(SolutionConfigurationPlatforms) = preSolution
		Debug|x64 = Debug|x64
		Debug|x86 = Debug|x86
		Release|x64 = Release|x64
		Release|x86 = Release|x86
	EndGlobalSection
	GlobalSection(ProjectConfigurationPlatforms) = postSolution
		{8CFC9A96-9FBB-4C80-A370-291D8AF001FF}.Debug|x64.ActiveCfg = Debug|x64
		{8CFC9A96-9FBB-4C80-A370-291D8AF001FF}.Debug|x64.Build.0 = Debug|x64
		{8CFC9A96-9FBB-4C80-A370-291D8AF001FF}.Debug|x86.ActiveCfg = Debug|Win32
		{8CFC9A96-9FBB-4C80-A370-291D8AF001FF}.Debug|x86.Build.0 = Debug|Win32
		{8CFC9A96-9FBB-4C80-A370-291D8AF001FF}.Release|x64.ActiveCfg = Release|x64
		{8CFC9A96-9FBB-4C80-A370-291D8AF001FF}.Release|x64.Build.0 = Release|x64
		{8CFC9A96-9FBB-4C80-A370-291D8AF001FF}.Release|x86.ActiveCfg = Release|Win32
		{8CFC9A96-9FBB-4C80-A370-291D8AF001FF}.Release|x86.Build.0 = Release|Win32
	EndGlobalSection
	GlobalSection(SolutionProperties) = preSolution
		HideSolutionNode = FALSE
	EndGlobalSection
	GlobalSection(ExtensibilityGlobals) = postSolution
		SolutionGuid = {9AAA7CDA-95E7-4D86-A6EF-5213B4DD1F08}
	EndGlobalSection
EndGlobal
